
Microsoft Visual Studio Solution File, Format Version 12.00
# Visual Studio Version 17
VisualStudioVersion = 17.0.32014.148
MinimumVisualStudioVersion = 10.0.40219.1
Project("{FAE04EC0-301F-11D3-BF4B-00C04F79EFBC}") = "AF-TestDB", "AF-TestDB.csproj", "{7E339AED-8CFD-4B43-AA8F-3B77FB5C5741}"
EndProject
Global
	GlobalSection(SolutionConfigurationPlatforms) = preSolution
		Debug|Any CPU = Debug|Any CPU
		Release|Any CPU = Release|Any CPU
	EndGlobalSection
	GlobalSection(ProjectConfigurationPlatforms) = postSolution
		{7E339AED-8CFD-4B43-AA8F-3B77FB5C5741}.Debug|Any CPU.ActiveCfg = Debug|Any CPU
		{7E339AED-8CFD-4B43-AA8F-3B77FB5C5741}.Debug|Any CPU.Build.0 = Debug|Any CPU
		{7E339AED-8CFD-4B43-AA8F-3B77FB5C5741}.Release|Any CPU.ActiveCfg = Release|Any CPU
		{7E339AED-8CFD-4B43-AA8F-3B77FB5C5741}.Release|Any CPU.Build.0 = Release|Any CPU
	EndGlobalSection
	GlobalSection(SolutionProperties) = preSolution
		HideSolutionNode = FALSE
	EndGlobalSection
	GlobalSection(ExtensibilityGlobals) = postSolution
		SolutionGuid = {E3B6D56C-A5E0-4B29-8293-2A2E70225B52}
	EndGlobalSection
EndGlobal
